
Microsoft Visual Studio Solution File, Format Version 12.00
# Visual Studio Version 17
VisualStudioVersion = 17.4.33213.308
MinimumVisualStudioVersion = 10.0.40219.1
Project("{FAE04EC0-301F-11D3-BF4B-00C04F79EFBC}") = "APi3", "APi3\APi3.csproj", "{6DF446A5-4518-4E6F-9E38-DF7F4DEDC53E}"
EndProject
Global
	GlobalSection(SolutionConfigurationPlatforms) = preSolution
		Debug|Any CPU = Debug|Any CPU
		Release|Any CPU = Release|Any CPU
	EndGlobalSection
	GlobalSection(ProjectConfigurationPlatforms) = postSolution
		{6DF446A5-4518-4E6F-9E38-DF7F4DEDC53E}.Debug|Any CPU.ActiveCfg = Debug|Any CPU
		{6DF446A5-4518-4E6F-9E38-DF7F4DEDC53E}.Debug|Any CPU.Build.0 = Debug|Any CPU
		{6DF446A5-4518-4E6F-9E38-DF7F4DEDC53E}.Release|Any CPU.ActiveCfg = Release|Any CPU
		{6DF446A5-4518-4E6F-9E38-DF7F4DEDC53E}.Release|Any CPU.Build.0 = Release|Any CPU
	EndGlobalSection
	GlobalSection(SolutionProperties) = preSolution
		HideSolutionNode = FALSE
	EndGlobalSection
	GlobalSection(ExtensibilityGlobals) = postSolution
		SolutionGuid = {9C97072C-103B-4B9A-A65B-8DCC029E6229}
	EndGlobalSection
EndGlobal
